
Microsoft Visual Studio Solution File, Format Version 12.00
# Visual Studio 14
VisualStudioVersion = 14.0.25420.1
MinimumVisualStudioVersion = 10.0.40219.1
Project("{FAE04EC0-301F-11D3-BF4B-00C04F79EFBC}") = "Xamarin_Forms_MPChart.Droid", "Xamarin Forms MPChart\Xamarin_Forms_MPChart.Droid\Xamarin_Forms_MPChart.Droid.csproj", "{226A91C1-09C3-42B9-AC96-6813EC1AB47E}"
EndProject
Project("{FAE04EC0-301F-11D3-BF4B-00C04F79EFBC}") = "Xamarin_Forms_MPChart.iOS", "Xamarin Forms MPChart\Xamarin_Forms_MPChart.iOS\Xamarin_Forms_MPChart.iOS.csproj", "{74C08425-FE9E-413A-A707-DF294D96B3B8}"
EndProject
Project("{FAE04EC0-301F-11D3-BF4B-00C04F79EFBC}") = "Xamarin_Forms_MPChart.WinPhone", "Xamarin Forms MPChart\Xamarin_Forms_MPChart.WinPhone\Xamarin_Forms_MPChart.WinPhone.csproj", "{A80943A7-A8AC-4AAE-9DFF-E3C00A0F1ED2}"
EndProject
Project("{FAE04EC0-301F-11D3-BF4B-00C04F79EFBC}") = "Xamarin_Forms_MPChart.Windows", "Xamarin Forms MPChart\Xamarin_Forms_MPChart.Windows\Xamarin_Forms_MPChart.Windows.csproj", "{337AFB59-A895-4AC2-AA94-7C92FF338989}"
EndProject
Project("{D954291E-2A0B-460D-934E-DC6B0785DB48}") = "Xamarin_Forms_MPChart", "Xamarin Forms MPChart\Xamarin_Forms_MPChart\Xamarin_Forms_MPChart.shproj", "{3AA520AE-AB05-4944-9F2D-021BD8016CB7}"
EndProject
Global
	GlobalSection(SharedMSBuildProjectFiles) = preSolution
		Xamarin Forms MPChart\Xamarin_Forms_MPChart\Xamarin_Forms_MPChart.projitems*{226a91c1-09c3-42b9-ac96-6813ec1ab47e}*SharedItemsImports = 4
		Xamarin Forms MPChart\Xamarin_Forms_MPChart\Xamarin_Forms_MPChart.projitems*{337afb59-a895-4ac2-aa94-7c92ff338989}*SharedItemsImports = 4
		Xamarin Forms MPChart\Xamarin_Forms_MPChart\Xamarin_Forms_MPChart.projitems*{3aa520ae-ab05-4944-9f2d-021bd8016cb7}*SharedItemsImports = 13
		Xamarin Forms MPChart\Xamarin_Forms_MPChart\Xamarin_Forms_MPChart.projitems*{74c08425-fe9e-413a-a707-df294d96b3b8}*SharedItemsImports = 4
		Xamarin Forms MPChart\Xamarin_Forms_MPChart\Xamarin_Forms_MPChart.projitems*{a80943a7-a8ac-4aae-9dff-e3c00a0f1ed2}*SharedItemsImports = 4
	EndGlobalSection
	GlobalSection(SolutionConfigurationPlatforms) = preSolution
		Ad-Hoc|Any CPU = Ad-Hoc|Any CPU
		Ad-Hoc|ARM = Ad-Hoc|ARM
		Ad-Hoc|iPhone = Ad-Hoc|iPhone
		Ad-Hoc|iPhoneSimulator = Ad-Hoc|iPhoneSimulator
		Ad-Hoc|x64 = Ad-Hoc|x64
		Ad-Hoc|x86 = Ad-Hoc|x86
		AppStore|Any CPU = AppStore|Any CPU
		AppStore|ARM = AppStore|ARM
		AppStore|iPhone = AppStore|iPhone
		AppStore|iPhoneSimulator = AppStore|iPhoneSimulator
		AppStore|x64 = AppStore|x64
		AppStore|x86 = AppStore|x86
		Debug|Any CPU = Debug|Any CPU
		Debug|ARM = Debug|ARM
		Debug|iPhone = Debug|iPhone
		Debug|iPhoneSimulator = Debug|iPhoneSimulator
		Debug|x64 = Debug|x64
		Debug|x86 = Debug|x86
		Release|Any CPU = Release|Any CPU
		Release|ARM = Release|ARM
		Release|iPhone = Release|iPhone
		Release|iPhoneSimulator = Release|iPhoneSimulator
		Release|x64 = Release|x64
		Release|x86 = Release|x86
	EndGlobalSection
	GlobalSection(ProjectConfigurationPlatforms) = postSolution
		{226A91C1-09C3-42B9-AC96-6813EC1AB47E}.Ad-Hoc|Any CPU.ActiveCfg = Release|Any CPU
		{226A91C1-09C3-42B9-AC96-6813EC1AB47E}.Ad-Hoc|Any CPU.Build.0 = Release|Any CPU
		{226A91C1-09C3-42B9-AC96-6813EC1AB47E}.Ad-Hoc|Any CPU.Deploy.0 = Release|Any CPU
		{226A91C1-09C3-42B9-AC96-6813EC1AB47E}.Ad-Hoc|ARM.ActiveCfg = Release|Any CPU
		{226A91C1-09C3-42B9-AC96-6813EC1AB47E}.Ad-Hoc|ARM.Build.0 = Release|Any CPU
		{226A91C1-09C3-42B9-AC96-6813EC1AB47E}.Ad-Hoc|ARM.Deploy.0 = Release|Any CPU
		{226A91C1-09C3-42B9-AC96-6813EC1AB47E}.Ad-Hoc|iPhone.ActiveCfg = Release|Any CPU
		{226A91C1-09C3-42B9-AC96-6813EC1AB47E}.Ad-Hoc|iPhone.Build.0 = Release|Any CPU
		{226A91C1-09C3-42B9-AC96-6813EC1AB47E}.Ad-Hoc|iPhone.Deploy.0 = Release|Any CPU
		{226A91C1-09C3-42B9-AC96-6813EC1AB47E}.Ad-Hoc|iPhoneSimulator.ActiveCfg = Release|Any CPU
		{226A91C1-09C3-42B9-AC96-6813EC1AB47E}.Ad-Hoc|iPhoneSimulator.Build.0 = Release|Any CPU
		{226A91C1-09C3-42B9-AC96-6813EC1AB47E}.Ad-Hoc|iPhoneSimulator.Deploy.0 = Release|Any CPU
		{226A91C1-09C3-42B9-AC96-6813EC1AB47E}.Ad-Hoc|x64.ActiveCfg = Release|Any CPU
		{226A91C1-09C3-42B9-AC96-6813EC1AB47E}.Ad-Hoc|x64.Build.0 = Release|Any CPU
		{226A91C1-09C3-42B9-AC96-6813EC1AB47E}.Ad-Hoc|x64.Deploy.0 = Release|Any CPU
		{226A91C1-09C3-42B9-AC96-6813EC1AB47E}.Ad-Hoc|x86.ActiveCfg = Release|Any CPU
		{226A91C1-09C3-42B9-AC96-6813EC1AB47E}.Ad-Hoc|x86.Build.0 = Release|Any CPU
		{226A91C1-09C3-42B9-AC96-6813EC1AB47E}.Ad-Hoc|x86.Deploy.0 = Release|Any CPU
		{226A91C1-09C3-42B9-AC96-6813EC1AB47E}.AppStore|Any CPU.ActiveCfg = Release|Any CPU
		{226A91C1-09C3-42B9-AC96-6813EC1AB47E}.AppStore|Any CPU.Build.0 = Release|Any CPU
		{226A91C1-09C3-42B9-AC96-6813EC1AB47E}.AppStore|Any CPU.Deploy.0 = Release|Any CPU
		{226A91C1-09C3-42B9-AC96-6813EC1AB47E}.AppStore|ARM.ActiveCfg = Release|Any CPU
		{226A91C1-09C3-42B9-AC96-6813EC1AB47E}.AppStore|ARM.Build.0 = Release|Any CPU
		{226A91C1-09C3-42B9-AC96-6813EC1AB47E}.AppStore|ARM.Deploy.0 = Release|Any CPU
		{226A91C1-09C3-42B9-AC96-6813EC1AB47E}.AppStore|iPhone.ActiveCfg = Release|Any CPU
		{226A91C1-09C3-42B9-AC96-6813EC1AB47E}.AppStore|iPhone.Build.0 = Release|Any CPU
		{226A91C1-09C3-42B9-AC96-6813EC1AB47E}.AppStore|iPhone.Deploy.0 = Release|Any CPU
		{226A91C1-09C3-42B9-AC96-6813EC1AB47E}.AppStore|iPhoneSimulator.ActiveCfg = Release|Any CPU
		{226A91C1-09C3-42B9-AC96-6813EC1AB47E}.AppStore|iPhoneSimulator.Build.0 = Release|Any CPU
		{226A91C1-09C3-42B9-AC96-6813EC1AB47E}.AppStore|iPhoneSimulator.Deploy.0 = Release|Any CPU
		{226A91C1-09C3-42B9-AC96-6813EC1AB47E}.AppStore|x64.ActiveCfg = Release|Any CPU
		{226A91C1-09C3-42B9-AC96-6813EC1AB47E}.AppStore|x64.Build.0 = Release|Any CPU
		{226A91C1-09C3-42B9-AC96-6813EC1AB47E}.AppStore|x64.Deploy.0 = Release|Any CPU
		{226A91C1-09C3-42B9-AC96-6813EC1AB47E}.AppStore|x86.ActiveCfg = Release|Any CPU
		{226A91C1-09C3-42B9-AC96-6813EC1AB47E}.AppStore|x86.Build.0 = Release|Any CPU
		{226A91C1-09C3-42B9-AC96-6813EC1AB47E}.AppStore|x86.Deploy.0 = Release|Any CPU
		{226A91C1-09C3-42B9-AC96-6813EC1AB47E}.Debug|Any CPU.ActiveCfg = Debug|Any CPU
		{226A91C1-09C3-42B9-AC96-6813EC1AB47E}.Debug|Any CPU.Build.0 = Debug|Any CPU
		{226A91C1-09C3-42B9-AC96-6813EC1AB47E}.Debug|Any CPU.Deploy.0 = Debug|Any CPU
		{226A91C1-09C3-42B9-AC96-6813EC1AB47E}.Debug|ARM.ActiveCfg = Debug|Any CPU
		{226A91C1-09C3-42B9-AC96-6813EC1AB47E}.Debug|ARM.Build.0 = Debug|Any CPU
		{226A91C1-09C3-42B9-AC96-6813EC1AB47E}.Debug|ARM.Deploy.0 = Debug|Any CPU
		{226A91C1-09C3-42B9-AC96-6813EC1AB47E}.Debug|iPhone.ActiveCfg = Debug|Any CPU
		{226A91C1-09C3-42B9-AC96-6813EC1AB47E}.Debug|iPhone.Build.0 = Debug|Any CPU
		{226A91C1-09C3-42B9-AC96-6813EC1AB47E}.Debug|iPhone.Deploy.0 = Debug|Any CPU
		{226A91C1-09C3-42B9-AC96-6813EC1AB47E}.Debug|iPhoneSimulator.ActiveCfg = Debug|Any CPU
		{226A91C1-09C3-42B9-AC96-6813EC1AB47E}.Debug|iPhoneSimulator.Build.0 = Debug|Any CPU
		{226A91C1-09C3-42B9-AC96-6813EC1AB47E}.Debug|iPhoneSimulator.Deploy.0 = Debug|Any CPU
		{226A91C1-09C3-42B9-AC96-6813EC1AB47E}.Debug|x64.ActiveCfg = Debug|Any CPU
		{226A91C1-09C3-42B9-AC96-6813EC1AB47E}.Debug|x64.Build.0 = Debug|Any CPU
		{226A91C1-09C3-42B9-AC96-6813EC1AB47E}.Debug|x64.Deploy.0 = Debug|Any CPU
		{226A91C1-09C3-42B9-AC96-6813EC1AB47E}.Debug|x86.ActiveCfg = Debug|Any CPU
		{226A91C1-09C3-42B9-AC96-6813EC1AB47E}.Debug|x86.Build.0 = Debug|Any CPU
		{226A91C1-09C3-42B9-AC96-6813EC1AB47E}.Debug|x86.Deploy.0 = Debug|Any CPU
		{226A91C1-09C3-42B9-AC96-6813EC1AB47E}.Release|Any CPU.ActiveCfg = Release|Any CPU
		{226A91C1-09C3-42B9-AC96-6813EC1AB47E}.Release|Any CPU.Build.0 = Release|Any CPU
		{226A91C1-09C3-42B9-AC96-6813EC1AB47E}.Release|Any CPU.Deploy.0 = Release|Any CPU
		{226A91C1-09C3-42B9-AC96-6813EC1AB47E}.Release|ARM.ActiveCfg = Release|Any CPU
		{226A91C1-09C3-42B9-AC96-6813EC1AB47E}.Release|ARM.Build.0 = Release|Any CPU
		{226A91C1-09C3-42B9-AC96-6813EC1AB47E}.Release|ARM.Deploy.0 = Release|Any CPU
		{226A91C1-09C3-42B9-AC96-6813EC1AB47E}.Release|iPhone.ActiveCfg = Release|Any CPU
		{226A91C1-09C3-42B9-AC96-6813EC1AB47E}.Release|iPhone.Build.0 = Release|Any CPU
		{226A91C1-09C3-42B9-AC96-6813EC1AB47E}.Release|iPhone.Deploy.0 = Release|Any CPU
		{226A91C1-09C3-42B9-AC96-6813EC1AB47E}.Release|iPhoneSimulator.ActiveCfg = Release|Any CPU
		{226A91C1-09C3-42B9-AC96-6813EC1AB47E}.Release|iPhoneSimulator.Build.0 = Release|Any CPU
		{226A91C1-09C3-42B9-AC96-6813EC1AB47E}.Release|iPhoneSimulator.Deploy.0 = Release|Any CPU
		{226A91C1-09C3-42B9-AC96-6813EC1AB47E}.Release|x64.ActiveCfg = Release|Any CPU
		{226A91C1-09C3-42B9-AC96-6813EC1AB47E}.Release|x64.Build.0 = Release|Any CPU
		{226A91C1-09C3-42B9-AC96-6813EC1AB47E}.Release|x64.Deploy.0 = Release|Any CPU
		{226A91C1-09C3-42B9-AC96-6813EC1AB47E}.Release|x86.ActiveCfg = Release|Any CPU
		{226A91C1-09C3-42B9-AC96-6813EC1AB47E}.Release|x86.Build.0 = Release|Any CPU
		{226A91C1-09C3-42B9-AC96-6813EC1AB47E}.Release|x86.Deploy.0 = Release|Any CPU
		{74C08425-FE9E-413A-A707-DF294D96B3B8}.Ad-Hoc|Any CPU.ActiveCfg = Ad-Hoc|iPhone
		{74C08425-FE9E-413A-A707-DF294D96B3B8}.Ad-Hoc|ARM.ActiveCfg = Ad-Hoc|iPhone
		{74C08425-FE9E-413A-A707-DF294D96B3B8}.Ad-Hoc|iPhone.ActiveCfg = Ad-Hoc|iPhone
		{74C08425-FE9E-413A-A707-DF294D96B3B8}.Ad-Hoc|iPhone.Build.0 = Ad-Hoc|iPhone
		{74C08425-FE9E-413A-A707-DF294D96B3B8}.Ad-Hoc|iPhoneSimulator.ActiveCfg = Ad-Hoc|iPhoneSimulator
		{74C08425-FE9E-413A-A707-DF294D96B3B8}.Ad-Hoc|iPhoneSimulator.Build.0 = Ad-Hoc|iPhoneSimulator
		{74C08425-FE9E-413A-A707-DF294D96B3B8}.Ad-Hoc|x64.ActiveCfg = Ad-Hoc|iPhone
		{74C08425-FE9E-413A-A707-DF294D96B3B8}.Ad-Hoc|x86.ActiveCfg = Ad-Hoc|iPhone
		{74C08425-FE9E-413A-A707-DF294D96B3B8}.AppStore|Any CPU.ActiveCfg = AppStore|iPhone
		{74C08425-FE9E-413A-A707-DF294D96B3B8}.AppStore|ARM.ActiveCfg = AppStore|iPhone
		{74C08425-FE9E-413A-A707-DF294D96B3B8}.AppStore|iPhone.ActiveCfg = AppStore|iPhone
		{74C08425-FE9E-413A-A707-DF294D96B3B8}.AppStore|iPhone.Build.0 = AppStore|iPhone
		{74C08425-FE9E-413A-A707-DF294D96B3B8}.AppStore|iPhoneSimulator.ActiveCfg = AppStore|iPhoneSimulator
		{74C08425-FE9E-413A-A707-DF294D96B3B8}.AppStore|iPhoneSimulator.Build.0 = AppStore|iPhoneSimulator
		{74C08425-FE9E-413A-A707-DF294D96B3B8}.AppStore|x64.ActiveCfg = AppStore|iPhone
		{74C08425-FE9E-413A-A707-DF294D96B3B8}.AppStore|x86.ActiveCfg = AppStore|iPhone
		{74C08425-FE9E-413A-A707-DF294D96B3B8}.Debug|Any CPU.ActiveCfg = Debug|iPhone
		{74C08425-FE9E-413A-A707-DF294D96B3B8}.Debug|ARM.ActiveCfg = Debug|iPhone
		{74C08425-FE9E-413A-A707-DF294D96B3B8}.Debug|iPhone.ActiveCfg = Debug|iPhone
		{74C08425-FE9E-413A-A707-DF294D96B3B8}.Debug|iPhone.Build.0 = Debug|iPhone
		{74C08425-FE9E-413A-A707-DF294D96B3B8}.Debug|iPhoneSimulator.ActiveCfg = Debug|iPhoneSimulator
		{74C08425-FE9E-413A-A707-DF294D96B3B8}.Debug|iPhoneSimulator.Build.0 = Debug|iPhoneSimulator
		{74C08425-FE9E-413A-A707-DF294D96B3B8}.Debug|x64.ActiveCfg = Debug|iPhone
		{74C08425-FE9E-413A-A707-DF294D96B3B8}.Debug|x86.ActiveCfg = Debug|iPhone
		{74C08425-FE9E-413A-A707-DF294D96B3B8}.Release|Any CPU.ActiveCfg = Release|iPhone
		{74C08425-FE9E-413A-A707-DF294D96B3B8}.Release|ARM.ActiveCfg = Release|iPhone
		{74C08425-FE9E-413A-A707-DF294D96B3B8}.Release|iPhone.ActiveCfg = Release|iPhone
		{74C08425-FE9E-413A-A707-DF294D96B3B8}.Release|iPhone.Build.0 = Release|iPhone
		{74C08425-FE9E-413A-A707-DF294D96B3B8}.Release|iPhoneSimulator.ActiveCfg = Release|iPhoneSimulator
		{74C08425-FE9E-413A-A707-DF294D96B3B8}.Release|iPhoneSimulator.Build.0 = Release|iPhoneSimulator
		{74C08425-FE9E-413A-A707-DF294D96B3B8}.Release|x64.ActiveCfg = Release|iPhone
		{74C08425-FE9E-413A-A707-DF294D96B3B8}.Release|x86.ActiveCfg = Release|iPhone
		{A80943A7-A8AC-4AAE-9DFF-E3C00A0F1ED2}.Ad-Hoc|Any CPU.ActiveCfg = Release|Any CPU
		{A80943A7-A8AC-4AAE-9DFF-E3C00A0F1ED2}.Ad-Hoc|Any CPU.Build.0 = Release|Any CPU
		{A80943A7-A8AC-4AAE-9DFF-E3C00A0F1ED2}.Ad-Hoc|Any CPU.Deploy.0 = Release|Any CPU
		{A80943A7-A8AC-4AAE-9DFF-E3C00A0F1ED2}.Ad-Hoc|ARM.ActiveCfg = Release|ARM
		{A80943A7-A8AC-4AAE-9DFF-E3C00A0F1ED2}.Ad-Hoc|ARM.Build.0 = Release|ARM
		{A80943A7-A8AC-4AAE-9DFF-E3C00A0F1ED2}.Ad-Hoc|ARM.Deploy.0 = Release|ARM
		{A80943A7-A8AC-4AAE-9DFF-E3C00A0F1ED2}.Ad-Hoc|iPhone.ActiveCfg = Release|Any CPU
		{A80943A7-A8AC-4AAE-9DFF-E3C00A0F1ED2}.Ad-Hoc|iPhone.Build.0 = Release|Any CPU
		{A80943A7-A8AC-4AAE-9DFF-E3C00A0F1ED2}.Ad-Hoc|iPhone.Deploy.0 = Release|Any CPU
		{A80943A7-A8AC-4AAE-9DFF-E3C00A0F1ED2}.Ad-Hoc|iPhoneSimulator.ActiveCfg = Release|Any CPU
		{A80943A7-A8AC-4AAE-9DFF-E3C00A0F1ED2}.Ad-Hoc|iPhoneSimulator.Build.0 = Release|Any CPU
		{A80943A7-A8AC-4AAE-9DFF-E3C00A0F1ED2}.Ad-Hoc|iPhoneSimulator.Deploy.0 = Release|Any CPU
		{A80943A7-A8AC-4AAE-9DFF-E3C00A0F1ED2}.Ad-Hoc|x64.ActiveCfg = Release|Any CPU
		{A80943A7-A8AC-4AAE-9DFF-E3C00A0F1ED2}.Ad-Hoc|x64.Build.0 = Release|Any CPU
		{A80943A7-A8AC-4AAE-9DFF-E3C00A0F1ED2}.Ad-Hoc|x64.Deploy.0 = Release|Any CPU
		{A80943A7-A8AC-4AAE-9DFF-E3C00A0F1ED2}.Ad-Hoc|x86.ActiveCfg = Release|x86
		{A80943A7-A8AC-4AAE-9DFF-E3C00A0F1ED2}.Ad-Hoc|x86.Build.0 = Release|x86
		{A80943A7-A8AC-4AAE-9DFF-E3C00A0F1ED2}.Ad-Hoc|x86.Deploy.0 = Release|x86
		{A80943A7-A8AC-4AAE-9DFF-E3C00A0F1ED2}.AppStore|Any CPU.ActiveCfg = Release|Any CPU
		{A80943A7-A8AC-4AAE-9DFF-E3C00A0F1ED2}.AppStore|Any CPU.Build.0 = Release|Any CPU
		{A80943A7-A8AC-4AAE-9DFF-E3C00A0F1ED2}.AppStore|Any CPU.Deploy.0 = Release|Any CPU
		{A80943A7-A8AC-4AAE-9DFF-E3C00A0F1ED2}.AppStore|ARM.ActiveCfg = Release|ARM
		{A80943A7-A8AC-4AAE-9DFF-E3C00A0F1ED2}.AppStore|ARM.Build.0 = Release|ARM
		{A80943A7-A8AC-4AAE-9DFF-E3C00A0F1ED2}.AppStore|ARM.Deploy.0 = Release|ARM
		{A80943A7-A8AC-4AAE-9DFF-E3C00A0F1ED2}.AppStore|iPhone.ActiveCfg = Release|Any CPU
		{A80943A7-A8AC-4AAE-9DFF-E3C00A0F1ED2}.AppStore|iPhone.Build.0 = Release|Any CPU
		{A80943A7-A8AC-4AAE-9DFF-E3C00A0F1ED2}.AppStore|iPhone.Deploy.0 = Release|Any CPU
		{A80943A7-A8AC-4AAE-9DFF-E3C00A0F1ED2}.AppStore|iPhoneSimulator.ActiveCfg = Release|Any CPU
		{A80943A7-A8AC-4AAE-9DFF-E3C00A0F1ED2}.AppStore|iPhoneSimulator.Build.0 = Release|Any CPU
		{A80943A7-A8AC-4AAE-9DFF-E3C00A0F1ED2}.AppStore|iPhoneSimulator.Deploy.0 = Release|Any CPU
		{A80943A7-A8AC-4AAE-9DFF-E3C00A0F1ED2}.AppStore|x64.ActiveCfg = Release|Any CPU
		{A80943A7-A8AC-4AAE-9DFF-E3C00A0F1ED2}.AppStore|x64.Build.0 = Release|Any CPU
		{A80943A7-A8AC-4AAE-9DFF-E3C00A0F1ED2}.AppStore|x64.Deploy.0 = Release|Any CPU
		{A80943A7-A8AC-4AAE-9DFF-E3C00A0F1ED2}.AppStore|x86.ActiveCfg = Release|x86
		{A80943A7-A8AC-4AAE-9DFF-E3C00A0F1ED2}.AppStore|x86.Build.0 = Release|x86
		{A80943A7-A8AC-4AAE-9DFF-E3C00A0F1ED2}.AppStore|x86.Deploy.0 = Release|x86
		{A80943A7-A8AC-4AAE-9DFF-E3C00A0F1ED2}.Debug|Any CPU.ActiveCfg = Debug|Any CPU
		{A80943A7-A8AC-4AAE-9DFF-E3C00A0F1ED2}.Debug|Any CPU.Build.0 = Debug|Any CPU
		{A80943A7-A8AC-4AAE-9DFF-E3C00A0F1ED2}.Debug|Any CPU.Deploy.0 = Debug|Any CPU
		{A80943A7-A8AC-4AAE-9DFF-E3C00A0F1ED2}.Debug|ARM.ActiveCfg = Debug|ARM
		{A80943A7-A8AC-4AAE-9DFF-E3C00A0F1ED2}.Debug|ARM.Build.0 = Debug|ARM
		{A80943A7-A8AC-4AAE-9DFF-E3C00A0F1ED2}.Debug|ARM.Deploy.0 = Debug|ARM
		{A80943A7-A8AC-4AAE-9DFF-E3C00A0F1ED2}.Debug|iPhone.ActiveCfg = Debug|Any CPU
		{A80943A7-A8AC-4AAE-9DFF-E3C00A0F1ED2}.Debug|iPhone.Build.0 = Debug|Any CPU
		{A80943A7-A8AC-4AAE-9DFF-E3C00A0F1ED2}.Debug|iPhone.Deploy.0 = Debug|Any CPU
		{A80943A7-A8AC-4AAE-9DFF-E3C00A0F1ED2}.Debug|iPhoneSimulator.ActiveCfg = Debug|Any CPU
		{A80943A7-A8AC-4AAE-9DFF-E3C00A0F1ED2}.Debug|iPhoneSimulator.Build.0 = Debug|Any CPU
		{A80943A7-A8AC-4AAE-9DFF-E3C00A0F1ED2}.Debug|iPhoneSimulator.Deploy.0 = Debug|Any CPU
		{A80943A7-A8AC-4AAE-9DFF-E3C00A0F1ED2}.Debug|x64.ActiveCfg = Debug|Any CPU
		{A80943A7-A8AC-4AAE-9DFF-E3C00A0F1ED2}.Debug|x64.Build.0 = Debug|Any CPU
		{A80943A7-A8AC-4AAE-9DFF-E3C00A0F1ED2}.Debug|x64.Deploy.0 = Debug|Any CPU
		{A80943A7-A8AC-4AAE-9DFF-E3C00A0F1ED2}.Debug|x86.ActiveCfg = Debug|x86
		{A80943A7-A8AC-4AAE-9DFF-E3C00A0F1ED2}.Debug|x86.Build.0 = Debug|x86
		{A80943A7-A8AC-4AAE-9DFF-E3C00A0F1ED2}.Debug|x86.Deploy.0 = Debug|x86
		{A80943A7-A8AC-4AAE-9DFF-E3C00A0F1ED2}.Release|Any CPU.ActiveCfg = Release|Any CPU
		{A80943A7-A8AC-4AAE-9DFF-E3C00A0F1ED2}.Release|Any CPU.Build.0 = Release|Any CPU
		{A80943A7-A8AC-4AAE-9DFF-E3C00A0F1ED2}.Release|Any CPU.Deploy.0 = Release|Any CPU
		{A80943A7-A8AC-4AAE-9DFF-E3C00A0F1ED2}.Release|ARM.ActiveCfg = Release|ARM
		{A80943A7-A8AC-4AAE-9DFF-E3C00A0F1ED2}.Release|ARM.Build.0 = Release|ARM
		{A80943A7-A8AC-4AAE-9DFF-E3C00A0F1ED2}.Release|ARM.Deploy.0 = Release|ARM
		{A80943A7-A8AC-4AAE-9DFF-E3C00A0F1ED2}.Release|iPhone.ActiveCfg = Release|Any CPU
		{A80943A7-A8AC-4AAE-9DFF-E3C00A0F1ED2}.Release|iPhone.Build.0 = Release|Any CPU
		{A80943A7-A8AC-4AAE-9DFF-E3C00A0F1ED2}.Release|iPhone.Deploy.0 = Release|Any CPU
		{A80943A7-A8AC-4AAE-9DFF-E3C00A0F1ED2}.Release|iPhoneSimulator.ActiveCfg = Release|Any CPU
		{A80943A7-A8AC-4AAE-9DFF-E3C00A0F1ED2}.Release|iPhoneSimulator.Build.0 = Release|Any CPU
		{A80943A7-A8AC-4AAE-9DFF-E3C00A0F1ED2}.Release|iPhoneSimulator.Deploy.0 = Release|Any CPU
		{A80943A7-A8AC-4AAE-9DFF-E3C00A0F1ED2}.Release|x64.ActiveCfg = Release|Any CPU
		{A80943A7-A8AC-4AAE-9DFF-E3C00A0F1ED2}.Release|x64.Build.0 = Release|Any CPU
		{A80943A7-A8AC-4AAE-9DFF-E3C00A0F1ED2}.Release|x64.Deploy.0 = Release|Any CPU
		{A80943A7-A8AC-4AAE-9DFF-E3C00A0F1ED2}.Release|x86.ActiveCfg = Release|x86
		{A80943A7-A8AC-4AAE-9DFF-E3C00A0F1ED2}.Release|x86.Build.0 = Release|x86
		{A80943A7-A8AC-4AAE-9DFF-E3C00A0F1ED2}.Release|x86.Deploy.0 = Release|x86
		{337AFB59-A895-4AC2-AA94-7C92FF338989}.Ad-Hoc|Any CPU.ActiveCfg = Release|Any CPU
		{337AFB59-A895-4AC2-AA94-7C92FF338989}.Ad-Hoc|Any CPU.Build.0 = Release|Any CPU
		{337AFB59-A895-4AC2-AA94-7C92FF338989}.Ad-Hoc|Any CPU.Deploy.0 = Release|Any CPU
		{337AFB59-A895-4AC2-AA94-7C92FF338989}.Ad-Hoc|ARM.ActiveCfg = Release|ARM
		{337AFB59-A895-4AC2-AA94-7C92FF338989}.Ad-Hoc|ARM.Build.0 = Release|ARM
		{337AFB59-A895-4AC2-AA94-7C92FF338989}.Ad-Hoc|ARM.Deploy.0 = Release|ARM
		{337AFB59-A895-4AC2-AA94-7C92FF338989}.Ad-Hoc|iPhone.ActiveCfg = Release|Any CPU
		{337AFB59-A895-4AC2-AA94-7C92FF338989}.Ad-Hoc|iPhone.Build.0 = Release|Any CPU
		{337AFB59-A895-4AC2-AA94-7C92FF338989}.Ad-Hoc|iPhone.Deploy.0 = Release|Any CPU
		{337AFB59-A895-4AC2-AA94-7C92FF338989}.Ad-Hoc|iPhoneSimulator.ActiveCfg = Release|Any CPU
		{337AFB59-A895-4AC2-AA94-7C92FF338989}.Ad-Hoc|iPhoneSimulator.Build.0 = Release|Any CPU
		{337AFB59-A895-4AC2-AA94-7C92FF338989}.Ad-Hoc|iPhoneSimulator.Deploy.0 = Release|Any CPU
		{337AFB59-A895-4AC2-AA94-7C92FF338989}.Ad-Hoc|x64.ActiveCfg = Release|x64
		{337AFB59-A895-4AC2-AA94-7C92FF338989}.Ad-Hoc|x64.Build.0 = Release|x64
		{337AFB59-A895-4AC2-AA94-7C92FF338989}.Ad-Hoc|x64.Deploy.0 = Release|x64
		{337AFB59-A895-4AC2-AA94-7C92FF338989}.Ad-Hoc|x86.ActiveCfg = Release|x86
		{337AFB59-A895-4AC2-AA94-7C92FF338989}.Ad-Hoc|x86.Build.0 = Release|x86
		{337AFB59-A895-4AC2-AA94-7C92FF338989}.Ad-Hoc|x86.Deploy.0 = Release|x86
		{337AFB59-A895-4AC2-AA94-7C92FF338989}.AppStore|Any CPU.ActiveCfg = Release|Any CPU
		{337AFB59-A895-4AC2-AA94-7C92FF338989}.AppStore|Any CPU.Build.0 = Release|Any CPU
		{337AFB59-A895-4AC2-AA94-7C92FF338989}.AppStore|Any CPU.Deploy.0 = Release|Any CPU
		{337AFB59-A895-4AC2-AA94-7C92FF338989}.AppStore|ARM.ActiveCfg = Release|ARM
		{337AFB59-A895-4AC2-AA94-7C92FF338989}.AppStore|ARM.Build.0 = Release|ARM
		{337AFB59-A895-4AC2-AA94-7C92FF338989}.AppStore|ARM.Deploy.0 = Release|ARM
		{337AFB59-A895-4AC2-AA94-7C92FF338989}.AppStore|iPhone.ActiveCfg = Release|Any CPU
		{337AFB59-A895-4AC2-AA94-7C92FF338989}.AppStore|iPhone.Build.0 = Release|Any CPU
		{337AFB59-A895-4AC2-AA94-7C92FF338989}.AppStore|iPhone.Deploy.0 = Release|Any CPU
		{337AFB59-A895-4AC2-AA94-7C92FF338989}.AppStore|iPhoneSimulator.ActiveCfg = Release|Any CPU
		{337AFB59-A895-4AC2-AA94-7C92FF338989}.AppStore|iPhoneSimulator.Build.0 = Release|Any CPU
		{337AFB59-A895-4AC2-AA94-7C92FF338989}.AppStore|iPhoneSimulator.Deploy.0 = Release|Any CPU
		{337AFB59-A895-4AC2-AA94-7C92FF338989}.AppStore|x64.ActiveCfg = Release|x64
		{337AFB59-A895-4AC2-AA94-7C92FF338989}.AppStore|x64.Build.0 = Release|x64
		{337AFB59-A895-4AC2-AA94-7C92FF338989}.AppStore|x64.Deploy.0 = Release|x64
		{337AFB59-A895-4AC2-AA94-7C92FF338989}.AppStore|x86.ActiveCfg = Release|x86
		{337AFB59-A895-4AC2-AA94-7C92FF338989}.AppStore|x86.Build.0 = Release|x86
		{337AFB59-A895-4AC2-AA94-7C92FF338989}.AppStore|x86.Deploy.0 = Release|x86
		{337AFB59-A895-4AC2-AA94-7C92FF338989}.Debug|Any CPU.ActiveCfg = Debug|Any CPU
		{337AFB59-A895-4AC2-AA94-7C92FF338989}.Debug|Any CPU.Build.0 = Debug|Any CPU
		{337AFB59-A895-4AC2-AA94-7C92FF338989}.Debug|Any CPU.Deploy.0 = Debug|Any CPU
		{337AFB59-A895-4AC2-AA94-7C92FF338989}.Debug|ARM.ActiveCfg = Debug|ARM
		{337AFB59-A895-4AC2-AA94-7C92FF338989}.Debug|ARM.Build.0 = Debug|ARM
		{337AFB59-A895-4AC2-AA94-7C92FF338989}.Debug|ARM.Deploy.0 = Debug|ARM
		{337AFB59-A895-4AC2-AA94-7C92FF338989}.Debug|iPhone.ActiveCfg = Debug|Any CPU
		{337AFB59-A895-4AC2-AA94-7C92FF338989}.Debug|iPhone.Build.0 = Debug|Any CPU
		{337AFB59-A895-4AC2-AA94-7C92FF338989}.Debug|iPhone.Deploy.0 = Debug|Any CPU
		{337AFB59-A895-4AC2-AA94-7C92FF338989}.Debug|iPhoneSimulator.ActiveCfg = Debug|Any CPU
		{337AFB59-A895-4AC2-AA94-7C92FF338989}.Debug|iPhoneSimulator.Build.0 = Debug|Any CPU
		{337AFB59-A895-4AC2-AA94-7C92FF338989}.Debug|iPhoneSimulator.Deploy.0 = Debug|Any CPU
		{337AFB59-A895-4AC2-AA94-7C92FF338989}.Debug|x64.ActiveCfg = Debug|x64
		{337AFB59-A895-4AC2-AA94-7C92FF338989}.Debug|x64.Build.0 = Debug|x64
		{337AFB59-A895-4AC2-AA94-7C92FF338989}.Debug|x64.Deploy.0 = Debug|x64
		{337AFB59-A895-4AC2-AA94-7C92FF338989}.Debug|x86.ActiveCfg = Debug|x86
		{337AFB59-A895-4AC2-AA94-7C92FF338989}.Debug|x86.Build.0 = Debug|x86
		{337AFB59-A895-4AC2-AA94-7C92FF338989}.Debug|x86.Deploy.0 = Debug|x86
		{337AFB59-A895-4AC2-AA94-7C92FF338989}.Release|Any CPU.ActiveCfg = Release|Any CPU
		{337AFB59-A895-4AC2-AA94-7C92FF338989}.Release|Any CPU.Build.0 = Release|Any CPU
		{337AFB59-A895-4AC2-AA94-7C92FF338989}.Release|Any CPU.Deploy.0 = Release|Any CPU
		{337AFB59-A895-4AC2-AA94-7C92FF338989}.Release|ARM.ActiveCfg = Release|ARM
		{337AFB59-A895-4AC2-AA94-7C92FF338989}.Release|ARM.Build.0 = Release|ARM
		{337AFB59-A895-4AC2-AA94-7C92FF338989}.Release|ARM.Deploy.0 = Release|ARM
		{337AFB59-A895-4AC2-AA94-7C92FF338989}.Release|iPhone.ActiveCfg = Release|Any CPU
		{337AFB59-A895-4AC2-AA94-7C92FF338989}.Release|iPhone.Build.0 = Release|Any CPU
		{337AFB59-A895-4AC2-AA94-7C92FF338989}.Release|iPhone.Deploy.0 = Release|Any CPU
		{337AFB59-A895-4AC2-AA94-7C92FF338989}.Release|iPhoneSimulator.ActiveCfg = Release|Any CPU
		{337AFB59-A895-4AC2-AA94-7C92FF338989}.Release|iPhoneSimulator.Build.0 = Release|Any CPU
		{337AFB59-A895-4AC2-AA94-7C92FF338989}.Release|iPhoneSimulator.Deploy.0 = Release|Any CPU
		{337AFB59-A895-4AC2-AA94-7C92FF338989}.Release|x64.ActiveCfg = Release|x64
		{337AFB59-A895-4AC2-AA94-7C92FF338989}.Release|x64.Build.0 = Release|x64
		{337AFB59-A895-4AC2-AA94-7C92FF338989}.Release|x64.Deploy.0 = Release|x64
		{337AFB59-A895-4AC2-AA94-7C92FF338989}.Release|x86.ActiveCfg = Release|x86
		{337AFB59-A895-4AC2-AA94-7C92FF338989}.Release|x86.Build.0 = Release|x86
		{337AFB59-A895-4AC2-AA94-7C92FF338989}.Release|x86.Deploy.0 = Release|x86
	EndGlobalSection
	GlobalSection(SolutionProperties) = preSolution
		HideSolutionNode = FALSE
	EndGlobalSection
EndGlobal
